<?xml version="1.0" encoding="utf-8"?>
<Project ToolsVersion="4.0" xmlns="http://schemas.microsoft.com/developer/msbuild/2003">
  <ItemGroup>
    <Filter Include="Source Files">
      <UniqueIdentifier>{4FC737F1-C7A5-4376-A066-2A32D752A2FF}</UniqueIdentifier>
      <Extensions>cpp;c;cc;cxx;c++;cppm;ixx;def;odl;idl;hpj;bat;asm;asmx</Extensions>
    </Filter>
    <Filter Include="Header Files">
      <UniqueIdentifier>{93995380-89BD-4b04-88EB-625FBE52EBFB}</UniqueIdentifier>
      <Extensions>h;hh;hpp;hxx;h++;hm;inl;inc;ipp;xsd</Extensions>
    </Filter>
    <Filter Include="Resource Files">
      <UniqueIdentifier>{67DA6AB6-F800-4c08-8B7A-83BB121AAD01}</UniqueIdentifier>
      <Extensions>rc;ico;cur;bmp;dlg;rc2;rct;bin;rgs;gif;jpg;jpeg;jpe;resx;tiff;tif;png;wav;mfcribbon-ms</Extensions>
    </Filter>
    <Filter Include="Source Files\Utilities">
      <UniqueIdentifier>{5fa71c5e-7d2c-4ff8-a62b-b509d6f65508}</UniqueIdentifier>
    </Filter>
    <Filter Include="Source Files\Animations">
      <UniqueIdentifier>{c53183b1-056d-41ac-b0fe-dd1775533843}</UniqueIdentifier>
    </Filter>
    <Filter Include="Source Files\Banks">
      <UniqueIdentifier>{0a37d186-2f06-45d0-9910-c6878d1ebd1c}</UniqueIdentifier>
    </Filter>
    <Filter Include="Source Files\Meshes">
      <UniqueIdentifier>{e4b91cc3-f4cb-4b34-a6e8-de2ef8aa1b2b}</UniqueIdentifier>
    </Filter>
    <Filter Include="Source Files\Utilities\ImGUI">
      <UniqueIdentifier>{f51cd537-294a-46a7-97b5-9cf4e929d607}</UniqueIdentifier>
    </Filter>
    <Filter Include="Source Files\Textures">
      <UniqueIdentifier>{53146c54-c415-4fec-ace3-f1ec4b85b672}</UniqueIdentifier>
    </Filter>
    <Filter Include="Source Files\Text">
      <UniqueIdentifier>{cad63c4e-b97e-4de6-bf67-b74a204b5d1a}</UniqueIdentifier>
    </Filter>
    <Filter Include="Source Files\Definitions">
      <UniqueIdentifier>{a21ddcf3-3de4-4075-9580-748e23e3ff2e}</UniqueIdentifier>
    </Filter>
    <Filter Include="Source Files\TextEditor">
      <UniqueIdentifier>{fecb2acd-d396-4cad-935b-546cf88fed10}</UniqueIdentifier>
    </Filter>
    <Filter Include="Source Files\LipSync">
      <UniqueIdentifier>{2fa367e9-8aca-426d-9c75-9a5dad09e2e7}</UniqueIdentifier>
    </Filter>
  </ItemGroup>
  <ItemGroup>
    <ClInclude Include="Utilities\ImGUI\imconfig.h">
      <Filter>Source Files\Utilities\ImGUI</Filter>
    </ClInclude>
    <ClInclude Include="Utilities\ImGUI\imgui.h">
      <Filter>Source Files\Utilities\ImGUI</Filter>
    </ClInclude>
    <ClInclude Include="Utilities\ImGUI\imgui_impl_dx11.h">
      <Filter>Source Files\Utilities\ImGUI</Filter>
    </ClInclude>
    <ClInclude Include="Utilities\ImGUI\imgui_impl_win32.h">
      <Filter>Source Files\Utilities\ImGUI</Filter>
    </ClInclude>
    <ClInclude Include="Utilities\ImGUI\imgui_internal.h">
      <Filter>Source Files\Utilities\ImGUI</Filter>
    </ClInclude>
    <ClInclude Include="Utilities\ImGUI\imstb_rectpack.h">
      <Filter>Source Files\Utilities\ImGUI</Filter>
    </ClInclude>
    <ClInclude Include="Utilities\ImGUI\imstb_textedit.h">
      <Filter>Source Files\Utilities\ImGUI</Filter>
    </ClInclude>
    <ClInclude Include="Utilities\ImGUI\imstb_truetype.h">
      <Filter>Source Files\Utilities\ImGUI</Filter>
    </ClInclude>
    <ClInclude Include="Animations\AnimParser.h">
      <Filter>Source Files\Animations</Filter>
    </ClInclude>
    <ClInclude Include="Animations\AnimProperties.h">
      <Filter>Source Files\Animations</Filter>
    </ClInclude>
    <ClInclude Include="Banks\BankExplorer.h">
      <Filter>Source Files\Banks</Filter>
    </ClInclude>
    <ClInclude Include="Banks\BankBackend.h">
      <Filter>Source Files\Banks</Filter>
    </ClInclude>
    <ClInclude Include="Meshes\BBMParser.h">
      <Filter>Source Files\Meshes</Filter>
    </ClInclude>
    <ClInclude Include="Meshes\MeshParser.h">
      <Filter>Source Files\Meshes</Filter>
    </ClInclude>
    <ClInclude Include="Meshes\MeshProperties.h">
      <Filter>Source Files\Meshes</Filter>
    </ClInclude>
    <ClInclude Include="Utilities\Utils.h">
      <Filter>Source Files\Utilities</Filter>
    </ClInclude>
    <ClInclude Include="Utilities\GltfExporter.h">
      <Filter>Source Files\Utilities</Filter>
    </ClInclude>
    <ClInclude Include="resource.h">
      <Filter>Resource Files</Filter>
    </ClInclude>
    <ClInclude Include="Textures\TextureParser.h">
      <Filter>Source Files\Textures</Filter>
    </ClInclude>
    <ClInclude Include="Textures\TextureProperties.h">
      <Filter>Source Files\Textures</Filter>
    </ClInclude>
    <ClInclude Include="Meshes\MeshRenderer.h">
      <Filter>Source Files\Meshes</Filter>
    </ClInclude>
    <ClInclude Include="Textures\TextureExporter.h">
      <Filter>Source Files\Textures</Filter>
    </ClInclude>
    <ClInclude Include="Text\TextParser.h">
      <Filter>Source Files\Text</Filter>
    </ClInclude>
    <ClInclude Include="Text\TextProperties.h">
      <Filter>Source Files\Text</Filter>
    </ClInclude>
    <ClInclude Include="TextEditor\TextEditor.h">
      <Filter>Source Files\TextEditor</Filter>
    </ClInclude>
    <ClInclude Include="ConfigBackend.h">
      <Filter>Source Files</Filter>
    </ClInclude>
    <ClInclude Include="Definitions\DefBackend.h">
      <Filter>Source Files\Definitions</Filter>
    </ClInclude>
    <ClInclude Include="Definitions\DefExplorer.h">
      <Filter>Source Files\Definitions</Filter>
    </ClInclude>
    <ClInclude Include="Definitions\CompilerBackend.h">
      <Filter>Source Files\Definitions</Filter>
    </ClInclude>
    <ClInclude Include="LipSyncParser.h">
      <Filter>Source Files\LipSync</Filter>
    </ClInclude>
    <ClInclude Include="LipSyncProperties.h">
      <Filter>Source Files\LipSync</Filter>
    </ClInclude>
    <ClInclude Include="BinaryParser.h">
      <Filter>Source Files\Banks</Filter>
    </ClInclude>
  </ItemGroup>
  <ItemGroup>
    <ClCompile Include="Utilities\ImGUI\imgui.cpp">
      <Filter>Source Files\Utilities\ImGUI</Filter>
    </ClCompile>
    <ClCompile Include="Utilities\ImGUI\imgui_demo.cpp">
      <Filter>Source Files\Utilities\ImGUI</Filter>
    </ClCompile>
    <ClCompile Include="Utilities\ImGUI\imgui_draw.cpp">
      <Filter>Source Files\Utilities\ImGUI</Filter>
    </ClCompile>
    <ClCompile Include="Utilities\ImGUI\imgui_impl_dx11.cpp">
      <Filter>Source Files\Utilities\ImGUI</Filter>
    </ClCompile>
    <ClCompile Include="Utilities\ImGUI\imgui_impl_win32.cpp">
      <Filter>Source Files\Utilities\ImGUI</Filter>
    </ClCompile>
    <ClCompile Include="Utilities\ImGUI\imgui_tables.cpp">
      <Filter>Source Files\Utilities\ImGUI</Filter>
    </ClCompile>
    <ClCompile Include="Utilities\ImGUI\imgui_widgets.cpp">
      <Filter>Source Files\Utilities\ImGUI</Filter>
    </ClCompile>
    <ClCompile Include="main.cpp">
      <Filter>Source Files</Filter>
    </ClCompile>
    <ClCompile Include="TextEditor\TextEditor.cpp">
      <Filter>Source Files\TextEditor</Filter>
    </ClCompile>
  </ItemGroup>
  <ItemGroup>
    <ResourceCompile Include="EgoCore.rc">
      <Filter>Resource Files</Filter>
    </ResourceCompile>
  </ItemGroup>
</Project>